
Microsoft Visual Studio Solution File, Format Version 12.00
# Visual Studio Version 17
VisualStudioVersion = 17.8.34322.80
MinimumVisualStudioVersion = 10.0.40219.1
Project("{FAE04EC0-301F-11D3-BF4B-00C04F79EFBC}") = "SimpleCRUDAPI", "SimpleCRUDAPI\SimpleCRUDAPI.csproj", "{BEF0A1E2-5969-42CC-BA17-89323BE97515}"
EndProject
Global
	GlobalSection(SolutionConfigurationPlatforms) = preSolution
		Debug|Any CPU = Debug|Any CPU
		Release|Any CPU = Release|Any CPU
	EndGlobalSection
	GlobalSection(ProjectConfigurationPlatforms) = postSolution
		{BEF0A1E2-5969-42CC-BA17-89323BE97515}.Debug|Any CPU.ActiveCfg = Debug|Any CPU
		{BEF0A1E2-5969-42CC-BA17-89323BE97515}.Debug|Any CPU.Build.0 = Debug|Any CPU
		{BEF0A1E2-5969-42CC-BA17-89323BE97515}.Release|Any CPU.ActiveCfg = Release|Any CPU
		{BEF0A1E2-5969-42CC-BA17-89323BE97515}.Release|Any CPU.Build.0 = Release|Any CPU
	EndGlobalSection
	GlobalSection(SolutionProperties) = preSolution
		HideSolutionNode = FALSE
	EndGlobalSection
	GlobalSection(ExtensibilityGlobals) = postSolution
		SolutionGuid = {C4B87A4A-CD17-443A-B8CE-C1B40B160383}
	EndGlobalSection
EndGlobal
